// !$*UTF8*$!
{
	archiveVersion = 1;
	classes = {
	};
	objectVersion = 50;
	objects = {

/* Begin PBXBuildFile section */
		5CEB696021E1722F003FC4BE /* AppDelegate.swift in Sources */ = {isa = PBXBuildFile; fileRef = 5CEB695F21E1722F003FC4BE /* AppDelegate.swift */; };
		5CEB696221E1722F003FC4BE /* ViewController.swift in Sources */ = {isa = PBXBuildFile; fileRef = 5CEB696121E1722F003FC4BE /* ViewController.swift */; };
		5CEB696521E1722F003FC4BE /* Main.storyboard in Resources */ = {isa = PBXBuildFile; fileRef = 5CEB696321E1722F003FC4BE /* Main.storyboard */; };
		5CEB696821E1722F003FC4BE /* CoreDataSwift.xcdatamodeld in Sources */ = {isa = PBXBuildFile; fileRef = 5CEB696621E1722F003FC4BE /* CoreDataSwift.xcdatamodeld */; };
		5CEB696A21E17230003FC4BE /* Assets.xcassets in Resources */ = {isa = PBXBuildFile; fileRef = 5CEB696921E17230003FC4BE /* Assets.xcassets */; };
		5CEB696D21E17230003FC4BE /* LaunchScreen.storyboard in Resources */ = {isa = PBXBuildFile; fileRef = 5CEB696B21E17230003FC4BE /* LaunchScreen.storyboard */; };
/* End PBXBuildFile section */

/* Begin PBXFileReference section */
		5CEB695C21E1722F003FC4BE /* CoreDataSwift.app */ = {isa = PBXFileReference; explicitFileType = wrapper.application; includeInIndex = 0; path = CoreDataSwift.app; sourceTree = BUILT_PRODUCTS_DIR; };
		5CEB695F21E1722F003FC4BE /* AppDelegate.swift */ = {isa = PBXFileReference; lastKnownFileType = sourcecode.swift; path = AppDelegate.swift; sourceTree = "<group>"; };
		5CEB696121E1722F003FC4BE /* ViewController.swift */ = {isa = PBXFileReference; lastKnownFileType = sourcecode.swift; path = ViewController.swift; sourceTree = "<group>"; };
		5CEB696421E1722F003FC4BE /* Base */ = {isa = PBXFileReference; lastKnownFileType = file.storyboard; name = Base; path = Base.lproj/Main.storyboard; sourceTree = "<group>"; };
		5CEB696721E1722F003FC4BE /* CoreDataSwift.xcdatamodel */ = {isa = PBXFileReference; lastKnownFileType = wrapper.xcdatamodel; path = CoreDataSwift.xcdatamodel; sourceTree = "<group>"; };
		5CEB696921E17230003FC4BE /* Assets.xcassets */ = {isa = PBXFileReference; lastKnownFileType = folder.assetcatalog; path = Assets.xcassets; sourceTree = "<group>"; };
		5CEB696C21E17230003FC4BE /* Base */ = {isa = PBXFileReference; lastKnownFileType = file.storyboard; name = Base; path = Base.lproj/LaunchScreen.storyboard; sourceTree = "<group>"; };
		5CEB696E21E17230003FC4BE /* Info.plist */ = {isa = PBXFileReference; lastKnownFileType = text.plist.xml; path = Info.plist; sourceTree = "<group>"; };
/* End PBXFileReference section */

/* Begin PBXFrameworksBuildPhase section */
		5CEB695921E1722F003FC4BE /* Frameworks */ = {
			isa = PBXFrameworksBuildPhase;
			buildActionMask = 2147483647;
			files = (
			);
			runOnlyForDeploymentPostprocessing = 0;
		};
/* End PBXFrameworksBuildPhase section */

/* Begin PBXGroup section */
		5CEB695321E1722F003FC4BE = {
			isa = PBXGroup;
			children = (
				5CEB695E21E1722F003FC4BE /* CoreDataSwift */,
				5CEB695D21E1722F003FC4BE /* Products */,
			);
			sourceTree = "<group>";
		};
		5CEB695D21E1722F003FC4BE /* Products */ = {
			isa = PBXGroup;
			children = (
				5CEB695C21E1722F003FC4BE /* CoreDataSwift.app */,
			);
			name = Products;
			sourceTree = "<group>";
		};
		5CEB695E21E1722F003FC4BE /* CoreDataSwift */ = {
			isa = PBXGroup;
			children = (
				5CEB695F21E1722F003FC4BE /* AppDelegate.swift */,
				5CEB696121E1722F003FC4BE /* ViewController.swift */,
				5CEB696321E1722F003FC4BE /* Main.storyboard */,
				5CEB696921E17230003FC4BE /* Assets.xcassets */,
				5CEB696B21E17230003FC4BE /* LaunchScreen.storyboard */,
				5CEB696E21E17230003FC4BE /* Info.plist */,
				5CEB696621E1722F003FC4BE /* CoreDataSwift.xcdatamodeld */,
			);
			path = CoreDataSwift;
			sourceTree = "<group>";
		};
/* End PBXGroup section */

/* Begin PBXNativeTarget section */
		5CEB695B21E1722F003FC4BE /* CoreDataSwift */ = {
			isa = PBXNativeTarget;
			buildConfigurationList = 5CEB697121E17230003FC4BE /* Build configuration list for PBXNativeTarget "CoreDataSwift" */;
			buildPhases = (
				5CEB695821E1722F003FC4BE /* Sources */,
				5CEB695921E1722F003FC4BE /* Frameworks */,
				5CEB695A21E1722F003FC4BE /* Resources */,
			);
			buildRules = (
			);
			dependencies = (
			);
			name = CoreDataSwift;
			productName = CoreDataSwift;
			productReference = 5CEB695C21E1722F003FC4BE /* CoreDataSwift.app */;
			productType = "com.apple.product-type.application";
		};
/* End PBXNativeTarget section */

/* Begin PBXProject section */
		5CEB695421E1722F003FC4BE /* Project object */ = {
			isa = PBXProject;
			attributes = {
				LastSwiftUpdateCheck = 1010;
				LastUpgradeCheck = 1010;
				ORGANIZATIONNAME = "Michael Miles";
				TargetAttributes = {
					5CEB695B21E1722F003FC4BE = {
						CreatedOnToolsVersion = 10.1;
					};
				};
			};
			buildConfigurationList = 5CEB695721E1722F003FC4BE /* Build configuration list for PBXProject "CoreDataSwift" */;
			compatibilityVersion = "Xcode 9.3";
			developmentRegion = en;
			hasScannedForEncodings = 0;
			knownRegions = (
				en,
				Base,
			);
			mainGroup = 5CEB695321E1722F003FC4BE;
			productRefGroup = 5CEB695D21E1722F003FC4BE /* Products */;
			projectDirPath = "";
			projectRoot = "";
			targets = (
				5CEB695B21E1722F003FC4BE /* CoreDataSwift */,
			);
		};
/* End PBXProject section */

/* Begin PBXResourcesBuildPhase section */
		5CEB695A21E1722F003FC4BE /* Resources */ = {
			isa = PBXResourcesBuildPhase;
			buildActionMask = 2147483647;
			files = (
				5CEB696D21E17230003FC4BE /* LaunchScreen.storyboard in Resources */,
				5CEB696A21E17230003FC4BE /* Assets.xcassets in Resources */,
				5CEB696521E1722F003FC4BE /* Main.storyboard in Resources */,
			);
			runOnlyForDeploymentPostprocessing = 0;
		};
/* End PBXResourcesBuildPhase section */

/* Begin PBXSourcesBuildPhase section */
		5CEB695821E1722F003FC4BE /* Sources */ = {
			isa = PBXSourcesBuildPhase;
			buildActionMask = 2147483647;
			files = (
				5CEB696221E1722F003FC4BE /* ViewController.swift in Sources */,
				5CEB696021E1722F003FC4BE /* AppDelegate.swift in Sources */,
				5CEB696821E1722F003FC4BE /* CoreDataSwift.xcdatamodeld in Sources */,
			);
			runOnlyForDeploymentPostprocessing = 0;
		};
/* End PBXSourcesBuildPhase section */

/* Begin PBXVariantGroup section */
		5CEB696321E1722F003FC4BE /* Main.storyboard */ = {
			isa = PBXVariantGroup;
			children = (
				5CEB696421E1722F003FC4BE /* Base */,
			);
			name = Main.storyboard;
			sourceTree = "<group>";
		};
		5CEB696B21E17230003FC4BE /* LaunchScreen.storyboard */ = {
			isa = PBXVariantGroup;
			children = (
				5CEB696C21E17230003FC4BE /* Base */,
			);
			name = LaunchScreen.storyboard;
			sourceTree = "<group>";
		};
/* End PBXVariantGroup section */

/* Begin XCBuildConfiguration section */
		5CEB696F21E17230003FC4BE /* Debug */ = {
			isa = XCBuildConfiguration;
			buildSettings = {
				ALWAYS_SEARCH_USER_PATHS = NO;
				CLANG_ANALYZER_NONNULL = YES;
				CLANG_ANALYZER_NUMBER_OBJECT_CONVERSION = YES_AGGRESSIVE;
				CLANG_CXX_LANGUAGE_STANDARD = "gnu++14";
				CLANG_CXX_LIBRARY = "libc++";
				CLANG_ENABLE_MODULES = YES;
				CLANG_ENABLE_OBJC_ARC = YES;
				CLANG_ENABLE_OBJC_WEAK = YES;
				CLANG_WARN_BLOCK_CAPTURE_AUTORELEASING = YES;
				CLANG_WARN_BOOL_CONVERSION = YES;
				CLANG_WARN_COMMA = YES;
				CLANG_WARN_CONSTANT_CONVERSION = YES;
				CLANG_WARN_DEPRECATED_OBJC_IMPLEMENTATIONS = YES;
				CLANG_WARN_DIRECT_OBJC_ISA_USAGE = YES_ERROR;
				CLANG_WARN_DOCUMENTATION_COMMENTS = YES;
				CLANG_WARN_EMPTY_BODY = YES;
				CLANG_WARN_ENUM_CONVERSION = YES;
				CLANG_WARN_INFINITE_RECURSION = YES;
				CLANG_WARN_INT_CONVERSION = YES;
				CLANG_WARN_NON_LITERAL_NULL_CONVERSION = YES;
				CLANG_WARN_OBJC_IMPLICIT_RETAIN_SELF = YES;
				CLANG_WARN_OBJC_LITERAL_CONVERSION = YES;
				CLANG_WARN_OBJC_ROOT_CLASS = YES_ERROR;
				CLANG_WARN_RANGE_LOOP_ANALYSIS = YES;
				CLANG_WARN_STRICT_PROTOTYPES = YES;
				CLANG_WARN_SUSPICIOUS_MOVE = YES;
				CLANG_WARN_UNGUARDED_AVAILABILITY = YES_AGGRESSIVE;
				CLANG_WARN_UNREACHABLE_CODE = YES;
				CLANG_WARN__DUPLICATE_METHOD_MATCH = YES;
				CODE_SIGN_IDENTITY = "iPhone Developer";
				COPY_PHASE_STRIP = NO;
				DEBUG_INFORMATION_FORMAT = dwarf;
				ENABLE_STRICT_OBJC_MSGSEND = YES;
				ENABLE_TESTABILITY = YES;
				GCC_C_LANGUAGE_STANDARD = gnu11;
				GCC_DYNAMIC_NO_PIC = NO;
				GCC_NO_COMMON_BLOCKS = YES;
				GCC_OPTIMIZATION_LEVEL = 0;
				GCC_PREPROCESSOR_DEFINITIONS = (
					"DEBUG=1",
					"$(inherited)",
				);
				GCC_WARN_64_TO_32_BIT_CONVERSION = YES;
				GCC_WARN_ABOUT_RETURN_TYPE = YES_ERROR;
				GCC_WARN_UNDECLARED_SELECTOR = YES;
				GCC_WARN_UNINITIALIZED_AUTOS = YES_AGGRESSIVE;
				GCC_WARN_UNUSED_FUNCTION = YES;
				GCC_WARN_UNUSED_VARIABLE = YES;
				IPHONEOS_DEPLOYMENT_TARGET = 12.1;
				MTL_ENABLE_DEBUG_INFO = INCLUDE_SOURCE;
				MTL_FAST_MATH = YES;
				ONLY_ACTIVE_ARCH = YES;
				SDKROOT = iphoneos;
				SWIFT_ACTIVE_COMPILATION_CONDITIONS = DEBUG;
				SWIFT_OPTIMIZATION_LEVEL = "-Onone";
			};
			name = Debug;
		};
		5CEB697021E17230003FC4BE /* Release */ = {
			isa = XCBuildConfiguration;
			buildSettings = {
				ALWAYS_SEARCH_USER_PATHS = NO;
				CLANG_ANALYZER_NONNULL = YES;
				CLANG_ANALYZER_NUMBER_OBJECT_CONVERSION = YES_AGGRESSIVE;
				CLANG_CXX_LANGUAGE_STANDARD = "gnu++14";
				CLANG_CXX_LIBRARY = "libc++";
				CLANG_ENABLE_MODULES = YES;
				CLANG_ENABLE_OBJC_ARC = YES;
				CLANG_ENABLE_OBJC_WEAK = YES;
				CLANG_WARN_BLOCK_CAPTURE_AUTORELEASING = YES;
				CLANG_WARN_BOOL_CONVERSION = YES;
				CLANG_WARN_COMMA = YES;
				CLANG_WARN_CONSTANT_CONVERSION = YES;
				CLANG_WARN_DEPRECATED_OBJC_IMPLEMENTATIONS = YES;
				CLANG_WARN_DIRECT_OBJC_ISA_USAGE = YES_ERROR;
				CLANG_WARN_DOCUMENTATION_COMMENTS = YES;
				CLANG_WARN_EMPTY_BODY = YES;
				CLANG_WARN_ENUM_CONVERSION = YES;
				CLANG_WARN_INFINITE_RECURSION = YES;
				CLANG_WARN_INT_CONVERSION = YES;
				CLANG_WARN_NON_LITERAL_NULL_CONVERSION = YES;
				CLANG_WARN_OBJC_IMPLICIT_RETAIN_SELF = YES;
				CLANG_WARN_OBJC_LITERAL_CONVERSION = YES;
				CLANG_WARN_OBJC_ROOT_CLASS = YES_ERROR;
				CLANG_WARN_RANGE_LOOP_ANALYSIS = YES;
				CLANG_WARN_STRICT_PROTOTYPES = YES;
				CLANG_WARN_SUSPICIOUS_MOVE = YES;
				CLANG_WARN_UNGUARDED_AVAILABILITY = YES_AGGRESSIVE;
				CLANG_WARN_UNREACHABLE_CODE = YES;
				CLANG_WARN__DUPLICATE_METHOD_MATCH = YES;
				CODE_SIGN_IDENTITY = "iPhone Developer";
				COPY_PHASE_STRIP = NO;
				DEBUG_INFORMATION_FORMAT = "dwarf-with-dsym";
				ENABLE_NS_ASSERTIONS = NO;
				ENABLE_STRICT_OBJC_MSGSEND = YES;
				GCC_C_LANGUAGE_STANDARD = gnu11;
				GCC_NO_COMMON_BLOCKS = YES;
				GCC_WARN_64_TO_32_BIT_CONVERSION = YES;
				GCC_WARN_ABOUT_RETURN_TYPE = YES_ERROR;
				GCC_WARN_UNDECLARED_SELECTOR = YES;
				GCC_WARN_UNINITIALIZED_AUTOS = YES_AGGRESSIVE;
				GCC_WARN_UNUSED_FUNCTION = YES;
				GCC_WARN_UNUSED_VARIABLE = YES;
				IPHONEOS_DEPLOYMENT_TARGET = 12.1;
				MTL_ENABLE_DEBUG_INFO = NO;
				MTL_FAST_MATH = YES;
				SDKROOT = iphoneos;
				SWIFT_COMPILATION_MODE = wholemodule;
				SWIFT_OPTIMIZATION_LEVEL = "-O";
				VALIDATE_PRODUCT = YES;
			};
			name = Release;
		};
		5CEB697221E17230003FC4BE /* Debug */ = {
			isa = XCBuildConfiguration;
			buildSettings = {
				ASSETCATALOG_COMPILER_APPICON_NAME = AppIcon;
				CODE_SIGN_STYLE = Automatic;
				DEVELOPMENT_TEAM = 757N5X329U;
				INFOPLIST_FILE = CoreDataSwift/Info.plist;
				LD_RUNPATH_SEARCH_PATHS = (
					"$(inherited)",
					"@executable_path/Frameworks",
				);
				PRODUCT_BUNDLE_IDENTIFIER = com.michaelgagemiles.CoreDataSwift;
				PRODUCT_NAME = "$(TARGET_NAME)";
				SWIFT_VERSION = 4.2;
				TARGETED_DEVICE_FAMILY = "1,2";
			};
			name = Debug;
		};
		5CEB697321E17230003FC4BE /* Release */ = {
			isa = XCBuildConfiguration;
			buildSettings = {
				ASSETCATALOG_COMPILER_APPICON_NAME = AppIcon;
				CODE_SIGN_STYLE = Automatic;
				DEVELOPMENT_TEAM = 757N5X329U;
				INFOPLIST_FILE = CoreDataSwift/Info.plist;
				LD_RUNPATH_SEARCH_PATHS = (
					"$(inherited)",
					"@executable_path/Frameworks",
				);
				PRODUCT_BUNDLE_IDENTIFIER = com.michaelgagemiles.CoreDataSwift;
				PRODUCT_NAME = "$(TARGET_NAME)";
				SWIFT_VERSION = 4.2;
				TARGETED_DEVICE_FAMILY = "1,2";
			};
			name = Release;
		};
/* End XCBuildConfiguration section */

/* Begin XCConfigurationList section */
		5CEB695721E1722F003FC4BE /* Build configuration list for PBXProject "CoreDataSwift" */ = {
			isa = XCConfigurationList;
			buildConfigurations = (
				5CEB696F21E17230003FC4BE /* Debug */,
				5CEB697021E17230003FC4BE /* Release */,
			);
			defaultConfigurationIsVisible = 0;
			defaultConfigurationName = Release;
		};
		5CEB697121E17230003FC4BE /* Build configuration list for PBXNativeTarget "CoreDataSwift" */ = {
			isa = XCConfigurationList;
			buildConfigurations = (
				5CEB697221E17230003FC4BE /* Debug */,
				5CEB697321E17230003FC4BE /* Release */,
			);
			defaultConfigurationIsVisible = 0;
			defaultConfigurationName = Release;
		};
/* End XCConfigurationList section */

/* Begin XCVersionGroup section */
		5CEB696621E1722F003FC4BE /* CoreDataSwift.xcdatamodeld */ = {
			isa = XCVersionGroup;
			children = (
				5CEB696721E1722F003FC4BE /* CoreDataSwift.xcdatamodel */,
			);
			currentVersion = 5CEB696721E1722F003FC4BE /* CoreDataSwift.xcdatamodel */;
			path = CoreDataSwift.xcdatamodeld;
			sourceTree = "<group>";
			versionGroupType = wrapper.xcdatamodel;
		};
/* End XCVersionGroup section */
	};
	rootObject = 5CEB695421E1722F003FC4BE /* Project object */;
}
